
Microsoft Visual Studio Solution File, Format Version 12.00
# Visual Studio Version 16
VisualStudioVersion = 16.0.31613.86
MinimumVisualStudioVersion = 10.0.40219.1
Project("{FAE04EC0-301F-11D3-BF4B-00C04F79EFBC}") = "InterfaceDemo", "InterfaceDemo\InterfaceDemo.csproj", "{D0133526-88D4-4B1B-B03E-7A6BD87C9E8D}"
EndProject
Global
	GlobalSection(SolutionConfigurationPlatforms) = preSolution
		Debug|Any CPU = Debug|Any CPU
		Release|Any CPU = Release|Any CPU
	EndGlobalSection
	GlobalSection(ProjectConfigurationPlatforms) = postSolution
		{D0133526-88D4-4B1B-B03E-7A6BD87C9E8D}.Debug|Any CPU.ActiveCfg = Debug|Any CPU
		{D0133526-88D4-4B1B-B03E-7A6BD87C9E8D}.Debug|Any CPU.Build.0 = Debug|Any CPU
		{D0133526-88D4-4B1B-B03E-7A6BD87C9E8D}.Release|Any CPU.ActiveCfg = Release|Any CPU
		{D0133526-88D4-4B1B-B03E-7A6BD87C9E8D}.Release|Any CPU.Build.0 = Release|Any CPU
	EndGlobalSection
	GlobalSection(SolutionProperties) = preSolution
		HideSolutionNode = FALSE
	EndGlobalSection
	GlobalSection(ExtensibilityGlobals) = postSolution
		SolutionGuid = {31330BDE-FAD4-4C72-89D6-04288D2E6676}
	EndGlobalSection
EndGlobal
